// !$*UTF8*$!
{
	archiveVersion = 1;
	classes = {
	};
	objectVersion = 46;
	objects = {

/* Begin PBXBuildFile section */
		2367C424D9DF49B58EB4C3B5 /* libPods-RACSampler.a in Frameworks */ = {isa = PBXBuildFile; fileRef = DD833E8C6BFC4E79BDEF9898 /* libPods-RACSampler.a */; };
		2B80B2FF1886B90000C2689D /* Foundation.framework in Frameworks */ = {isa = PBXBuildFile; fileRef = 2B80B2FE1886B90000C2689D /* Foundation.framework */; };
		2B80B3011886B90000C2689D /* CoreGraphics.framework in Frameworks */ = {isa = PBXBuildFile; fileRef = 2B80B3001886B90000C2689D /* CoreGraphics.framework */; };
		2B80B3031886B90000C2689D /* UIKit.framework in Frameworks */ = {isa = PBXBuildFile; fileRef = 2B80B3021886B90000C2689D /* UIKit.framework */; };
		2B80B3091886B90000C2689D /* InfoPlist.strings in Resources */ = {isa = PBXBuildFile; fileRef = 2B80B3071886B90000C2689D /* InfoPlist.strings */; };
		2B80B30B1886B90000C2689D /* main.m in Sources */ = {isa = PBXBuildFile; fileRef = 2B80B30A1886B90000C2689D /* main.m */; };
		2B80B30F1886B90000C2689D /* AppDelegate.m in Sources */ = {isa = PBXBuildFile; fileRef = 2B80B30E1886B90000C2689D /* AppDelegate.m */; };
		2B80B3111886B90000C2689D /* Images.xcassets in Resources */ = {isa = PBXBuildFile; fileRef = 2B80B3101886B90000C2689D /* Images.xcassets */; };
		2B80B3181886B90000C2689D /* XCTest.framework in Frameworks */ = {isa = PBXBuildFile; fileRef = 2B80B3171886B90000C2689D /* XCTest.framework */; };
		2B80B3191886B90000C2689D /* Foundation.framework in Frameworks */ = {isa = PBXBuildFile; fileRef = 2B80B2FE1886B90000C2689D /* Foundation.framework */; };
		2B80B31A1886B90000C2689D /* UIKit.framework in Frameworks */ = {isa = PBXBuildFile; fileRef = 2B80B3021886B90000C2689D /* UIKit.framework */; };
		2B80B3221886B90000C2689D /* InfoPlist.strings in Resources */ = {isa = PBXBuildFile; fileRef = 2B80B3201886B90000C2689D /* InfoPlist.strings */; };
		2B80B3241886B90000C2689D /* RACSamplerTests.m in Sources */ = {isa = PBXBuildFile; fileRef = 2B80B3231886B90000C2689D /* RACSamplerTests.m */; };
		2B80B3321886BF0100C2689D /* MasterViewController.m in Sources */ = {isa = PBXBuildFile; fileRef = 2B80B3311886BF0100C2689D /* MasterViewController.m */; };
		2B80B3371886D9B100C2689D /* FunctionalProgrammingViewController.m in Sources */ = {isa = PBXBuildFile; fileRef = 2B80B3351886D9B100C2689D /* FunctionalProgrammingViewController.m */; };
		2B80B3381886D9B100C2689D /* FunctionalProgrammingViewController.xib in Resources */ = {isa = PBXBuildFile; fileRef = 2B80B3361886D9B100C2689D /* FunctionalProgrammingViewController.xib */; };
/* End PBXBuildFile section */

/* Begin PBXContainerItemProxy section */
		2B80B31B1886B90000C2689D /* PBXContainerItemProxy */ = {
			isa = PBXContainerItemProxy;
			containerPortal = 2B80B2F31886B90000C2689D /* Project object */;
			proxyType = 1;
			remoteGlobalIDString = 2B80B2FA1886B90000C2689D;
			remoteInfo = RACSampler;
		};
/* End PBXContainerItemProxy section */

/* Begin PBXFileReference section */
		2B80B2FB1886B90000C2689D /* RACSampler.app */ = {isa = PBXFileReference; explicitFileType = wrapper.application; includeInIndex = 0; path = RACSampler.app; sourceTree = BUILT_PRODUCTS_DIR; };
		2B80B2FE1886B90000C2689D /* Foundation.framework */ = {isa = PBXFileReference; lastKnownFileType = wrapper.framework; name = Foundation.framework; path = System/Library/Frameworks/Foundation.framework; sourceTree = SDKROOT; };
		2B80B3001886B90000C2689D /* CoreGraphics.framework */ = {isa = PBXFileReference; lastKnownFileType = wrapper.framework; name = CoreGraphics.framework; path = System/Library/Frameworks/CoreGraphics.framework; sourceTree = SDKROOT; };
		2B80B3021886B90000C2689D /* UIKit.framework */ = {isa = PBXFileReference; lastKnownFileType = wrapper.framework; name = UIKit.framework; path = System/Library/Frameworks/UIKit.framework; sourceTree = SDKROOT; };
		2B80B3061886B90000C2689D /* RACSampler-Info.plist */ = {isa = PBXFileReference; lastKnownFileType = text.plist.xml; path = "RACSampler-Info.plist"; sourceTree = "<group>"; };
		2B80B3081886B90000C2689D /* en */ = {isa = PBXFileReference; lastKnownFileType = text.plist.strings; name = en; path = en.lproj/InfoPlist.strings; sourceTree = "<group>"; };
		2B80B30A1886B90000C2689D /* main.m */ = {isa = PBXFileReference; lastKnownFileType = sourcecode.c.objc; path = main.m; sourceTree = "<group>"; };
		2B80B30C1886B90000C2689D /* RACSampler-Prefix.pch */ = {isa = PBXFileReference; lastKnownFileType = sourcecode.c.h; path = "RACSampler-Prefix.pch"; sourceTree = "<group>"; };
		2B80B30D1886B90000C2689D /* AppDelegate.h */ = {isa = PBXFileReference; lastKnownFileType = sourcecode.c.h; path = AppDelegate.h; sourceTree = "<group>"; };
		2B80B30E1886B90000C2689D /* AppDelegate.m */ = {isa = PBXFileReference; lastKnownFileType = sourcecode.c.objc; path = AppDelegate.m; sourceTree = "<group>"; };
		2B80B3101886B90000C2689D /* Images.xcassets */ = {isa = PBXFileReference; lastKnownFileType = folder.assetcatalog; path = Images.xcassets; sourceTree = "<group>"; };
		2B80B3161886B90000C2689D /* RACSamplerTests.xctest */ = {isa = PBXFileReference; explicitFileType = wrapper.cfbundle; includeInIndex = 0; path = RACSamplerTests.xctest; sourceTree = BUILT_PRODUCTS_DIR; };
		2B80B3171886B90000C2689D /* XCTest.framework */ = {isa = PBXFileReference; lastKnownFileType = wrapper.framework; name = XCTest.framework; path = Library/Frameworks/XCTest.framework; sourceTree = DEVELOPER_DIR; };
		2B80B31F1886B90000C2689D /* RACSamplerTests-Info.plist */ = {isa = PBXFileReference; lastKnownFileType = text.plist.xml; path = "RACSamplerTests-Info.plist"; sourceTree = "<group>"; };
		2B80B3211886B90000C2689D /* en */ = {isa = PBXFileReference; lastKnownFileType = text.plist.strings; name = en; path = en.lproj/InfoPlist.strings; sourceTree = "<group>"; };
		2B80B3231886B90000C2689D /* RACSamplerTests.m */ = {isa = PBXFileReference; lastKnownFileType = sourcecode.c.objc; path = RACSamplerTests.m; sourceTree = "<group>"; };
		2B80B3301886BF0100C2689D /* MasterViewController.h */ = {isa = PBXFileReference; fileEncoding = 4; lastKnownFileType = sourcecode.c.h; path = MasterViewController.h; sourceTree = "<group>"; };
		2B80B3311886BF0100C2689D /* MasterViewController.m */ = {isa = PBXFileReference; fileEncoding = 4; lastKnownFileType = sourcecode.c.objc; path = MasterViewController.m; sourceTree = "<group>"; };
		2B80B3341886D9B100C2689D /* FunctionalProgrammingViewController.h */ = {isa = PBXFileReference; fileEncoding = 4; lastKnownFileType = sourcecode.c.h; path = FunctionalProgrammingViewController.h; sourceTree = "<group>"; };
		2B80B3351886D9B100C2689D /* FunctionalProgrammingViewController.m */ = {isa = PBXFileReference; fileEncoding = 4; lastKnownFileType = sourcecode.c.objc; path = FunctionalProgrammingViewController.m; sourceTree = "<group>"; };
		2B80B3361886D9B100C2689D /* FunctionalProgrammingViewController.xib */ = {isa = PBXFileReference; fileEncoding = 4; lastKnownFileType = file.xib; path = FunctionalProgrammingViewController.xib; sourceTree = "<group>"; };
		DD833E8C6BFC4E79BDEF9898 /* libPods-RACSampler.a */ = {isa = PBXFileReference; explicitFileType = archive.ar; includeInIndex = 0; path = "libPods-RACSampler.a"; sourceTree = BUILT_PRODUCTS_DIR; };
		FD3EF8A5BC844B28B3424FAA /* Pods-RACSampler.xcconfig */ = {isa = PBXFileReference; includeInIndex = 1; lastKnownFileType = text.xcconfig; name = "Pods-RACSampler.xcconfig"; path = "Pods/Pods-RACSampler.xcconfig"; sourceTree = "<group>"; };
/* End PBXFileReference section */

/* Begin PBXFrameworksBuildPhase section */
		2B80B2F81886B90000C2689D /* Frameworks */ = {
			isa = PBXFrameworksBuildPhase;
			buildActionMask = 2147483647;
			files = (
				2B80B3011886B90000C2689D /* CoreGraphics.framework in Frameworks */,
				2B80B3031886B90000C2689D /* UIKit.framework in Frameworks */,
				2B80B2FF1886B90000C2689D /* Foundation.framework in Frameworks */,
				2367C424D9DF49B58EB4C3B5 /* libPods-RACSampler.a in Frameworks */,
			);
			runOnlyForDeploymentPostprocessing = 0;
		};
		2B80B3131886B90000C2689D /* Frameworks */ = {
			isa = PBXFrameworksBuildPhase;
			buildActionMask = 2147483647;
			files = (
				2B80B3181886B90000C2689D /* XCTest.framework in Frameworks */,
				2B80B31A1886B90000C2689D /* UIKit.framework in Frameworks */,
				2B80B3191886B90000C2689D /* Foundation.framework in Frameworks */,
			);
			runOnlyForDeploymentPostprocessing = 0;
		};
/* End PBXFrameworksBuildPhase section */

/* Begin PBXGroup section */
		2B80B2F21886B90000C2689D = {
			isa = PBXGroup;
			children = (
				2B80B3041886B90000C2689D /* RACSampler */,
				2B80B31D1886B90000C2689D /* RACSamplerTests */,
				2B80B2FD1886B90000C2689D /* Frameworks */,
				2B80B2FC1886B90000C2689D /* Products */,
				FD3EF8A5BC844B28B3424FAA /* Pods-RACSampler.xcconfig */,
			);
			sourceTree = "<group>";
		};
		2B80B2FC1886B90000C2689D /* Products */ = {
			isa = PBXGroup;
			children = (
				2B80B2FB1886B90000C2689D /* RACSampler.app */,
				2B80B3161886B90000C2689D /* RACSamplerTests.xctest */,
			);
			name = Products;
			sourceTree = "<group>";
		};
		2B80B2FD1886B90000C2689D /* Frameworks */ = {
			isa = PBXGroup;
			children = (
				2B80B2FE1886B90000C2689D /* Foundation.framework */,
				2B80B3001886B90000C2689D /* CoreGraphics.framework */,
				2B80B3021886B90000C2689D /* UIKit.framework */,
				2B80B3171886B90000C2689D /* XCTest.framework */,
				DD833E8C6BFC4E79BDEF9898 /* libPods-RACSampler.a */,
			);
			name = Frameworks;
			sourceTree = "<group>";
		};
		2B80B3041886B90000C2689D /* RACSampler */ = {
			isa = PBXGroup;
			children = (
				2B80B3331886D80400C2689D /* Samples */,
				2B80B30D1886B90000C2689D /* AppDelegate.h */,
				2B80B30E1886B90000C2689D /* AppDelegate.m */,
				2B80B3301886BF0100C2689D /* MasterViewController.h */,
				2B80B3311886BF0100C2689D /* MasterViewController.m */,
				2B80B3101886B90000C2689D /* Images.xcassets */,
				2B80B3051886B90000C2689D /* Supporting Files */,
			);
			path = RACSampler;
			sourceTree = "<group>";
		};
		2B80B3051886B90000C2689D /* Supporting Files */ = {
			isa = PBXGroup;
			children = (
				2B80B3061886B90000C2689D /* RACSampler-Info.plist */,
				2B80B3071886B90000C2689D /* InfoPlist.strings */,
				2B80B30A1886B90000C2689D /* main.m */,
				2B80B30C1886B90000C2689D /* RACSampler-Prefix.pch */,
			);
			name = "Supporting Files";
			sourceTree = "<group>";
		};
		2B80B31D1886B90000C2689D /* RACSamplerTests */ = {
			isa = PBXGroup;
			children = (
				2B80B3231886B90000C2689D /* RACSamplerTests.m */,
				2B80B31E1886B90000C2689D /* Supporting Files */,
			);
			path = RACSamplerTests;
			sourceTree = "<group>";
		};
		2B80B31E1886B90000C2689D /* Supporting Files */ = {
			isa = PBXGroup;
			children = (
				2B80B31F1886B90000C2689D /* RACSamplerTests-Info.plist */,
				2B80B3201886B90000C2689D /* InfoPlist.strings */,
			);
			name = "Supporting Files";
			sourceTree = "<group>";
		};
		2B80B3331886D80400C2689D /* Samples */ = {
			isa = PBXGroup;
			children = (
				2B80B3341886D9B100C2689D /* FunctionalProgrammingViewController.h */,
				2B80B3351886D9B100C2689D /* FunctionalProgrammingViewController.m */,
				2B80B3361886D9B100C2689D /* FunctionalProgrammingViewController.xib */,
			);
			path = Samples;
			sourceTree = "<group>";
		};
/* End PBXGroup section */

/* Begin PBXNativeTarget section */
		2B80B2FA1886B90000C2689D /* RACSampler */ = {
			isa = PBXNativeTarget;
			buildConfigurationList = 2B80B3271886B90000C2689D /* Build configuration list for PBXNativeTarget "RACSampler" */;
			buildPhases = (
				456C05793A7E4461B761458B /* Check Pods Manifest.lock */,
				2B80B2F71886B90000C2689D /* Sources */,
				2B80B2F81886B90000C2689D /* Frameworks */,
				2B80B2F91886B90000C2689D /* Resources */,
				9FC53165DEF54FC19516E8F6 /* Copy Pods Resources */,
			);
			buildRules = (
			);
			dependencies = (
			);
			name = RACSampler;
			productName = RACSampler;
			productReference = 2B80B2FB1886B90000C2689D /* RACSampler.app */;
			productType = "com.apple.product-type.application";
		};
		2B80B3151886B90000C2689D /* RACSamplerTests */ = {
			isa = PBXNativeTarget;
			buildConfigurationList = 2B80B32A1886B90000C2689D /* Build configuration list for PBXNativeTarget "RACSamplerTests" */;
			buildPhases = (
				2B80B3121886B90000C2689D /* Sources */,
				2B80B3131886B90000C2689D /* Frameworks */,
				2B80B3141886B90000C2689D /* Resources */,
			);
			buildRules = (
			);
			dependencies = (
				2B80B31C1886B90000C2689D /* PBXTargetDependency */,
			);
			name = RACSamplerTests;
			productName = RACSamplerTests;
			productReference = 2B80B3161886B90000C2689D /* RACSamplerTests.xctest */;
			productType = "com.apple.product-type.bundle.unit-test";
		};
/* End PBXNativeTarget section */

/* Begin PBXProject section */
		2B80B2F31886B90000C2689D /* Project object */ = {
			isa = PBXProject;
			attributes = {
				LastUpgradeCheck = 0500;
				ORGANIZATIONNAME = jarinosuke;
				TargetAttributes = {
					2B80B3151886B90000C2689D = {
						TestTargetID = 2B80B2FA1886B90000C2689D;
					};
				};
			};
			buildConfigurationList = 2B80B2F61886B90000C2689D /* Build configuration list for PBXProject "RACSampler" */;
			compatibilityVersion = "Xcode 3.2";
			developmentRegion = English;
			hasScannedForEncodings = 0;
			knownRegions = (
				en,
			);
			mainGroup = 2B80B2F21886B90000C2689D;
			productRefGroup = 2B80B2FC1886B90000C2689D /* Products */;
			projectDirPath = "";
			projectRoot = "";
			targets = (
				2B80B2FA1886B90000C2689D /* RACSampler */,
				2B80B3151886B90000C2689D /* RACSamplerTests */,
			);
		};
/* End PBXProject section */

/* Begin PBXResourcesBuildPhase section */
		2B80B2F91886B90000C2689D /* Resources */ = {
			isa = PBXResourcesBuildPhase;
			buildActionMask = 2147483647;
			files = (
				2B80B3091886B90000C2689D /* InfoPlist.strings in Resources */,
				2B80B3111886B90000C2689D /* Images.xcassets in Resources */,
				2B80B3381886D9B100C2689D /* FunctionalProgrammingViewController.xib in Resources */,
			);
			runOnlyForDeploymentPostprocessing = 0;
		};
		2B80B3141886B90000C2689D /* Resources */ = {
			isa = PBXResourcesBuildPhase;
			buildActionMask = 2147483647;
			files = (
				2B80B3221886B90000C2689D /* InfoPlist.strings in Resources */,
			);
			runOnlyForDeploymentPostprocessing = 0;
		};
/* End PBXResourcesBuildPhase section */

/* Begin PBXShellScriptBuildPhase section */
		456C05793A7E4461B761458B /* Check Pods Manifest.lock */ = {
			isa = PBXShellScriptBuildPhase;
			buildActionMask = 2147483647;
			files = (
			);
			inputPaths = (
			);
			name = "Check Pods Manifest.lock";
			outputPaths = (
			);
			runOnlyForDeploymentPostprocessing = 0;
			shellPath = /bin/sh;
			shellScript = "diff \"${PODS_ROOT}/../Podfile.lock\" \"${PODS_ROOT}/Manifest.lock\" > /dev/null\nif [[ $? != 0 ]] ; then\n    cat << EOM\nerror: The sandbox is not in sync with the Podfile.lock. Run 'pod install' or update your CocoaPods installation.\nEOM\n    exit 1\nfi\n";
			showEnvVarsInLog = 0;
		};
		9FC53165DEF54FC19516E8F6 /* Copy Pods Resources */ = {
			isa = PBXShellScriptBuildPhase;
			buildActionMask = 2147483647;
			files = (
			);
			inputPaths = (
			);
			name = "Copy Pods Resources";
			outputPaths = (
			);
			runOnlyForDeploymentPostprocessing = 0;
			shellPath = /bin/sh;
			shellScript = "\"${SRCROOT}/Pods/Pods-RACSampler-resources.sh\"\n";
			showEnvVarsInLog = 0;
		};
/* End PBXShellScriptBuildPhase section */

/* Begin PBXSourcesBuildPhase section */
		2B80B2F71886B90000C2689D /* Sources */ = {
			isa = PBXSourcesBuildPhase;
			buildActionMask = 2147483647;
			files = (
				2B80B30F1886B90000C2689D /* AppDelegate.m in Sources */,
				2B80B3371886D9B100C2689D /* FunctionalProgrammingViewController.m in Sources */,
				2B80B3321886BF0100C2689D /* MasterViewController.m in Sources */,
				2B80B30B1886B90000C2689D /* main.m in Sources */,
			);
			runOnlyForDeploymentPostprocessing = 0;
		};
		2B80B3121886B90000C2689D /* Sources */ = {
			isa = PBXSourcesBuildPhase;
			buildActionMask = 2147483647;
			files = (
				2B80B3241886B90000C2689D /* RACSamplerTests.m in Sources */,
			);
			runOnlyForDeploymentPostprocessing = 0;
		};
/* End PBXSourcesBuildPhase section */

/* Begin PBXTargetDependency section */
		2B80B31C1886B90000C2689D /* PBXTargetDependency */ = {
			isa = PBXTargetDependency;
			target = 2B80B2FA1886B90000C2689D /* RACSampler */;
			targetProxy = 2B80B31B1886B90000C2689D /* PBXContainerItemProxy */;
		};
/* End PBXTargetDependency section */

/* Begin PBXVariantGroup section */
		2B80B3071886B90000C2689D /* InfoPlist.strings */ = {
			isa = PBXVariantGroup;
			children = (
				2B80B3081886B90000C2689D /* en */,
			);
			name = InfoPlist.strings;
			sourceTree = "<group>";
		};
		2B80B3201886B90000C2689D /* InfoPlist.strings */ = {
			isa = PBXVariantGroup;
			children = (
				2B80B3211886B90000C2689D /* en */,
			);
			name = InfoPlist.strings;
			sourceTree = "<group>";
		};
/* End PBXVariantGroup section */

/* Begin XCBuildConfiguration section */
		2B80B3251886B90000C2689D /* Debug */ = {
			isa = XCBuildConfiguration;
			buildSettings = {
				ALWAYS_SEARCH_USER_PATHS = NO;
				ARCHS = "$(ARCHS_STANDARD_INCLUDING_64_BIT)";
				CLANG_CXX_LANGUAGE_STANDARD = "gnu++0x";
				CLANG_CXX_LIBRARY = "libc++";
				CLANG_ENABLE_MODULES = YES;
				CLANG_ENABLE_OBJC_ARC = YES;
				CLANG_WARN_BOOL_CONVERSION = YES;
				CLANG_WARN_CONSTANT_CONVERSION = YES;
				CLANG_WARN_DIRECT_OBJC_ISA_USAGE = YES_ERROR;
				CLANG_WARN_EMPTY_BODY = YES;
				CLANG_WARN_ENUM_CONVERSION = YES;
				CLANG_WARN_INT_CONVERSION = YES;
				CLANG_WARN_OBJC_ROOT_CLASS = YES_ERROR;
				CLANG_WARN__DUPLICATE_METHOD_MATCH = YES;
				"CODE_SIGN_IDENTITY[sdk=iphoneos*]" = "iPhone Developer";
				COPY_PHASE_STRIP = NO;
				GCC_C_LANGUAGE_STANDARD = gnu99;
				GCC_DYNAMIC_NO_PIC = NO;
				GCC_OPTIMIZATION_LEVEL = 0;
				GCC_PREPROCESSOR_DEFINITIONS = (
					"DEBUG=1",
					"$(inherited)",
				);
				GCC_SYMBOLS_PRIVATE_EXTERN = NO;
				GCC_WARN_64_TO_32_BIT_CONVERSION = YES;
				GCC_WARN_ABOUT_RETURN_TYPE = YES_ERROR;
				GCC_WARN_UNDECLARED_SELECTOR = YES;
				GCC_WARN_UNINITIALIZED_AUTOS = YES;
				GCC_WARN_UNUSED_FUNCTION = YES;
				GCC_WARN_UNUSED_VARIABLE = YES;
				IPHONEOS_DEPLOYMENT_TARGET = 7.0;
				ONLY_ACTIVE_ARCH = YES;
				SDKROOT = iphoneos;
			};
			name = Debug;
		};
		2B80B3261886B90000C2689D /* Release */ = {
			isa = XCBuildConfiguration;
			buildSettings = {
				ALWAYS_SEARCH_USER_PATHS = NO;
				ARCHS = "$(ARCHS_STANDARD_INCLUDING_64_BIT)";
				CLANG_CXX_LANGUAGE_STANDARD = "gnu++0x";
				CLANG_CXX_LIBRARY = "libc++";
				CLANG_ENABLE_MODULES = YES;
				CLANG_ENABLE_OBJC_ARC = YES;
				CLANG_WARN_BOOL_CONVERSION = YES;
				CLANG_WARN_CONSTANT_CONVERSION = YES;
				CLANG_WARN_DIRECT_OBJC_ISA_USAGE = YES_ERROR;
				CLANG_WARN_EMPTY_BODY = YES;
				CLANG_WARN_ENUM_CONVERSION = YES;
				CLANG_WARN_INT_CONVERSION = YES;
				CLANG_WARN_OBJC_ROOT_CLASS = YES_ERROR;
				CLANG_WARN__DUPLICATE_METHOD_MATCH = YES;
				"CODE_SIGN_IDENTITY[sdk=iphoneos*]" = "iPhone Developer";
				COPY_PHASE_STRIP = YES;
				ENABLE_NS_ASSERTIONS = NO;
				GCC_C_LANGUAGE_STANDARD = gnu99;
				GCC_WARN_64_TO_32_BIT_CONVERSION = YES;
				GCC_WARN_ABOUT_RETURN_TYPE = YES_ERROR;
				GCC_WARN_UNDECLARED_SELECTOR = YES;
				GCC_WARN_UNINITIALIZED_AUTOS = YES;
				GCC_WARN_UNUSED_FUNCTION = YES;
				GCC_WARN_UNUSED_VARIABLE = YES;
				IPHONEOS_DEPLOYMENT_TARGET = 7.0;
				SDKROOT = iphoneos;
				VALIDATE_PRODUCT = YES;
			};
			name = Release;
		};
		2B80B3281886B90000C2689D /* Debug */ = {
			isa = XCBuildConfiguration;
			baseConfigurationReference = FD3EF8A5BC844B28B3424FAA /* Pods-RACSampler.xcconfig */;
			buildSettings = {
				ASSETCATALOG_COMPILER_APPICON_NAME = AppIcon;
				ASSETCATALOG_COMPILER_LAUNCHIMAGE_NAME = LaunchImage;
				GCC_PRECOMPILE_PREFIX_HEADER = YES;
				GCC_PREFIX_HEADER = "RACSampler/RACSampler-Prefix.pch";
				INFOPLIST_FILE = "RACSampler/RACSampler-Info.plist";
				PRODUCT_NAME = "$(TARGET_NAME)";
				WRAPPER_EXTENSION = app;
			};
			name = Debug;
		};
		2B80B3291886B90000C2689D /* Release */ = {
			isa = XCBuildConfiguration;
			baseConfigurationReference = FD3EF8A5BC844B28B3424FAA /* Pods-RACSampler.xcconfig */;
			buildSettings = {
				ASSETCATALOG_COMPILER_APPICON_NAME = AppIcon;
				ASSETCATALOG_COMPILER_LAUNCHIMAGE_NAME = LaunchImage;
				GCC_PRECOMPILE_PREFIX_HEADER = YES;
				GCC_PREFIX_HEADER = "RACSampler/RACSampler-Prefix.pch";
				INFOPLIST_FILE = "RACSampler/RACSampler-Info.plist";
				PRODUCT_NAME = "$(TARGET_NAME)";
				WRAPPER_EXTENSION = app;
			};
			name = Release;
		};
		2B80B32B1886B90000C2689D /* Debug */ = {
			isa = XCBuildConfiguration;
			buildSettings = {
				ARCHS = "$(ARCHS_STANDARD_INCLUDING_64_BIT)";
				BUNDLE_LOADER = "$(BUILT_PRODUCTS_DIR)/RACSampler.app/RACSampler";
				FRAMEWORK_SEARCH_PATHS = (
					"$(SDKROOT)/Developer/Library/Frameworks",
					"$(inherited)",
					"$(DEVELOPER_FRAMEWORKS_DIR)",
				);
				GCC_PRECOMPILE_PREFIX_HEADER = YES;
				GCC_PREFIX_HEADER = "RACSampler/RACSampler-Prefix.pch";
				GCC_PREPROCESSOR_DEFINITIONS = (
					"DEBUG=1",
					"$(inherited)",
				);
				INFOPLIST_FILE = "RACSamplerTests/RACSamplerTests-Info.plist";
				PRODUCT_NAME = "$(TARGET_NAME)";
				TEST_HOST = "$(BUNDLE_LOADER)";
				WRAPPER_EXTENSION = xctest;
			};
			name = Debug;
		};
		2B80B32C1886B90000C2689D /* Release */ = {
			isa = XCBuildConfiguration;
			buildSettings = {
				ARCHS = "$(ARCHS_STANDARD_INCLUDING_64_BIT)";
				BUNDLE_LOADER = "$(BUILT_PRODUCTS_DIR)/RACSampler.app/RACSampler";
				FRAMEWORK_SEARCH_PATHS = (
					"$(SDKROOT)/Developer/Library/Frameworks",
					"$(inherited)",
					"$(DEVELOPER_FRAMEWORKS_DIR)",
				);
				GCC_PRECOMPILE_PREFIX_HEADER = YES;
				GCC_PREFIX_HEADER = "RACSampler/RACSampler-Prefix.pch";
				INFOPLIST_FILE = "RACSamplerTests/RACSamplerTests-Info.plist";
				PRODUCT_NAME = "$(TARGET_NAME)";
				TEST_HOST = "$(BUNDLE_LOADER)";
				WRAPPER_EXTENSION = xctest;
			};
			name = Release;
		};
/* End XCBuildConfiguration section */

/* Begin XCConfigurationList section */
		2B80B2F61886B90000C2689D /* Build configuration list for PBXProject "RACSampler" */ = {
			isa = XCConfigurationList;
			buildConfigurations = (
				2B80B3251886B90000C2689D /* Debug */,
				2B80B3261886B90000C2689D /* Release */,
			);
			defaultConfigurationIsVisible = 0;
			defaultConfigurationName = Release;
		};
		2B80B3271886B90000C2689D /* Build configuration list for PBXNativeTarget "RACSampler" */ = {
			isa = XCConfigurationList;
			buildConfigurations = (
				2B80B3281886B90000C2689D /* Debug */,
				2B80B3291886B90000C2689D /* Release */,
			);
			defaultConfigurationIsVisible = 0;
			defaultConfigurationName = Release;
		};
		2B80B32A1886B90000C2689D /* Build configuration list for PBXNativeTarget "RACSamplerTests" */ = {
			isa = XCConfigurationList;
			buildConfigurations = (
				2B80B32B1886B90000C2689D /* Debug */,
				2B80B32C1886B90000C2689D /* Release */,
			);
			defaultConfigurationIsVisible = 0;
			defaultConfigurationName = Release;
		};
/* End XCConfigurationList section */
	};
	rootObject = 2B80B2F31886B90000C2689D /* Project object */;
}
